{
  "nodes": {
    "fenix": {
      "inputs": {
        "nixpkgs": [
          "nixpkgs"
        ],
        "rust-analyzer-src": "rust-analyzer-src"
      },
      "locked": {
        "lastModified": 1749537578,
        "narHash": "sha256-dYEEiNRw7rClQi4Y7t9jlHjbuUvSbdTdM/jXwXuaDeQ=",
        "owner": "nix-community",
        "repo": "fenix",
        "rev": "5e3ce25aa3048f14f206a6c4fab46af6ad939482",
        "type": "github"
      },
      "original": {
        "owner": "nix-community",
        "repo": "fenix",
        "type": "github"
      }
    },
    "nixpkgs": {
      "locked": {
        "lastModified": 1749494155,
        "narHash": "sha256-FG4DEYBpROupu758beabUk9lhrblSf5hnv84v1TLqMc=",
        "owner": "NixOS",
        "repo": "nixpkgs",
        "rev": "88331c17ba434359491e8d5889cce872464052c2",
        "type": "github"
      },
      "original": {
        "id": "nixpkgs",
        "ref": "nixos-25.05",
        "type": "indirect"
      }
    },
    "root": {
      "inputs": {
        "fenix": "fenix",
        "nixpkgs": "nixpkgs"
      }
    },
    "rust-analyzer-src": {
      "flake": false,
      "locked": {
        "lastModified": 1749493129,
        "narHash": "sha256-nQ+gKRLXkl7gLY836ULyAwR3O0E/+vakZt78OQ+p9Fc=",
        "owner": "rust-lang",
        "repo": "rust-analyzer",
        "rev": "bf6d44581085bb9b6e285902a7fae77325703171",
        "type": "github"
      },
      "original": {
        "owner": "rust-lang",
        "ref": "nightly",
        "repo": "rust-analyzer",
        "type": "github"
      }
    }
  },
  "root": "root",
  "version": 7
}
